
Microsoft Visual Studio Solution File, Format Version 12.00
# Visual Studio 14
VisualStudioVersion = 14.0.25420.1
MinimumVisualStudioVersion = 10.0.40219.1
Project("{FAE04EC0-301F-11D3-BF4B-00C04F79EFBC}") = "Presentacion", "Presentacion\Presentacion.csproj", "{75955F24-197B-4884-8814-485453D4FB57}"
EndProject
Project("{FAE04EC0-301F-11D3-BF4B-00C04F79EFBC}") = "Datos", "Datos\Datos.csproj", "{B0086202-F1ED-4C58-BA9F-E762C9395D15}"
EndProject
Project("{FAE04EC0-301F-11D3-BF4B-00C04F79EFBC}") = "Negocios", "Negocios\Negocios.csproj", "{185C7E15-FECF-44F0-8EE2-6AC886117371}"
EndProject
Global
	GlobalSection(SolutionConfigurationPlatforms) = preSolution
		Debug|Any CPU = Debug|Any CPU
		Release|Any CPU = Release|Any CPU
	EndGlobalSection
	GlobalSection(ProjectConfigurationPlatforms) = postSolution
		{75955F24-197B-4884-8814-485453D4FB57}.Debug|Any CPU.ActiveCfg = Debug|Any CPU
		{75955F24-197B-4884-8814-485453D4FB57}.Debug|Any CPU.Build.0 = Debug|Any CPU
		{75955F24-197B-4884-8814-485453D4FB57}.Release|Any CPU.ActiveCfg = Release|Any CPU
		{75955F24-197B-4884-8814-485453D4FB57}.Release|Any CPU.Build.0 = Release|Any CPU
		{B0086202-F1ED-4C58-BA9F-E762C9395D15}.Debug|Any CPU.ActiveCfg = Debug|Any CPU
		{B0086202-F1ED-4C58-BA9F-E762C9395D15}.Debug|Any CPU.Build.0 = Debug|Any CPU
		{B0086202-F1ED-4C58-BA9F-E762C9395D15}.Release|Any CPU.ActiveCfg = Release|Any CPU
		{B0086202-F1ED-4C58-BA9F-E762C9395D15}.Release|Any CPU.Build.0 = Release|Any CPU
		{185C7E15-FECF-44F0-8EE2-6AC886117371}.Debug|Any CPU.ActiveCfg = Debug|Any CPU
		{185C7E15-FECF-44F0-8EE2-6AC886117371}.Debug|Any CPU.Build.0 = Debug|Any CPU
		{185C7E15-FECF-44F0-8EE2-6AC886117371}.Release|Any CPU.ActiveCfg = Release|Any CPU
		{185C7E15-FECF-44F0-8EE2-6AC886117371}.Release|Any CPU.Build.0 = Release|Any CPU
	EndGlobalSection
	GlobalSection(SolutionProperties) = preSolution
		HideSolutionNode = FALSE
	EndGlobalSection
	GlobalSection(TeamFoundationVersionControl) = preSolution
		SccNumberOfProjects = 4
		SccEnterpriseProvider = {4CA58AB2-18FA-4F8D-95D4-32DDF27D184C}
		SccTeamFoundationServer = https://gerardam.visualstudio.com/
		SccLocalPath0 = .
		SccProjectUniqueName1 = Datos\\Datos.csproj
		SccProjectName1 = Datos
		SccLocalPath1 = Datos
		SccProjectUniqueName2 = Negocios\\Negocios.csproj
		SccProjectName2 = Negocios
		SccLocalPath2 = Negocios
		SccProjectUniqueName3 = Presentacion\\Presentacion.csproj
		SccProjectName3 = Presentacion
		SccLocalPath3 = Presentacion
	EndGlobalSection
EndGlobal
